
Microsoft Visual Studio Solution File, Format Version 12.00
# Visual Studio 15
VisualStudioVersion = 15.0.28307.1022
MinimumVisualStudioVersion = 10.0.40219.1
Project("{888888A0-9F3D-457C-B088-3A5042F75D52}") = "DBAddTablePP20", "DBAddTablePP20\DBAddTablePP20.pyproj", "{3DD6E55C-09BD-4408-A8E2-3531C1C43E2D}"
EndProject
Global
	GlobalSection(SolutionConfigurationPlatforms) = preSolution
		Debug|Any CPU = Debug|Any CPU
		Release|Any CPU = Release|Any CPU
	EndGlobalSection
	GlobalSection(ProjectConfigurationPlatforms) = postSolution
		{3DD6E55C-09BD-4408-A8E2-3531C1C43E2D}.Debug|Any CPU.ActiveCfg = Debug|Any CPU
		{3DD6E55C-09BD-4408-A8E2-3531C1C43E2D}.Release|Any CPU.ActiveCfg = Release|Any CPU
	EndGlobalSection
	GlobalSection(SolutionProperties) = preSolution
		HideSolutionNode = FALSE
	EndGlobalSection
	GlobalSection(ExtensibilityGlobals) = postSolution
		SolutionGuid = {7ABF0216-41CD-4783-A0C7-710843838FCE}
	EndGlobalSection
EndGlobal
