
Microsoft Visual Studio Solution File, Format Version 12.00
# Visual Studio 15
VisualStudioVersion = 15.0.28307.1022
MinimumVisualStudioVersion = 10.0.40219.1
Project("{888888A0-9F3D-457C-B088-3A5042F75D52}") = "FileIO", "FileIO\FileIO.pyproj", "{2C072A8F-185C-492B-9F8A-0C45CD43338D}"
EndProject
Global
	GlobalSection(SolutionConfigurationPlatforms) = preSolution
		Debug|Any CPU = Debug|Any CPU
		Release|Any CPU = Release|Any CPU
	EndGlobalSection
	GlobalSection(ProjectConfigurationPlatforms) = postSolution
		{2C072A8F-185C-492B-9F8A-0C45CD43338D}.Debug|Any CPU.ActiveCfg = Debug|Any CPU
		{2C072A8F-185C-492B-9F8A-0C45CD43338D}.Release|Any CPU.ActiveCfg = Release|Any CPU
	EndGlobalSection
	GlobalSection(SolutionProperties) = preSolution
		HideSolutionNode = FALSE
	EndGlobalSection
	GlobalSection(ExtensibilityGlobals) = postSolution
		SolutionGuid = {B3B742A3-EE76-42FC-AF65-1E01CEFE6785}
	EndGlobalSection
EndGlobal
