
Microsoft Visual Studio Solution File, Format Version 12.00
# Visual Studio 15
VisualStudioVersion = 15.0.28307.1300
MinimumVisualStudioVersion = 10.0.40219.1
Project("{888888A0-9F3D-457C-B088-3A5042F75D52}") = "Lab5", "Lab5\Lab5.pyproj", "{F3062475-6FB9-4403-A668-6EAF0A9A0FA0}"
EndProject
Global
	GlobalSection(SolutionConfigurationPlatforms) = preSolution
		Debug|Any CPU = Debug|Any CPU
		Release|Any CPU = Release|Any CPU
	EndGlobalSection
	GlobalSection(ProjectConfigurationPlatforms) = postSolution
		{F3062475-6FB9-4403-A668-6EAF0A9A0FA0}.Debug|Any CPU.ActiveCfg = Debug|Any CPU
		{F3062475-6FB9-4403-A668-6EAF0A9A0FA0}.Release|Any CPU.ActiveCfg = Release|Any CPU
	EndGlobalSection
	GlobalSection(SolutionProperties) = preSolution
		HideSolutionNode = FALSE
	EndGlobalSection
	GlobalSection(ExtensibilityGlobals) = postSolution
		SolutionGuid = {4847F377-13A4-4965-9024-E67F5340FFA3}
	EndGlobalSection
EndGlobal
