
Microsoft Visual Studio Solution File, Format Version 12.00
# Visual Studio 15
VisualStudioVersion = 15.0.28307.1022
MinimumVisualStudioVersion = 10.0.40219.1
Project("{888888A0-9F3D-457C-B088-3A5042F75D52}") = "PythonFunctions", "PythonFunctions\PythonFunctions.pyproj", "{AF85DCFF-9663-44B2-B5CB-B9F404F68114}"
EndProject
Global
	GlobalSection(SolutionConfigurationPlatforms) = preSolution
		Debug|Any CPU = Debug|Any CPU
		Release|Any CPU = Release|Any CPU
	EndGlobalSection
	GlobalSection(ProjectConfigurationPlatforms) = postSolution
		{AF85DCFF-9663-44B2-B5CB-B9F404F68114}.Debug|Any CPU.ActiveCfg = Debug|Any CPU
		{AF85DCFF-9663-44B2-B5CB-B9F404F68114}.Release|Any CPU.ActiveCfg = Release|Any CPU
	EndGlobalSection
	GlobalSection(SolutionProperties) = preSolution
		HideSolutionNode = FALSE
	EndGlobalSection
	GlobalSection(ExtensibilityGlobals) = postSolution
		SolutionGuid = {E08D77C0-E7DB-4165-9002-BF6F8061210D}
	EndGlobalSection
EndGlobal
