
Microsoft Visual Studio Solution File, Format Version 12.00
# Visual Studio 15
VisualStudioVersion = 15.0.28307.1022
MinimumVisualStudioVersion = 10.0.40219.1
Project("{888888A0-9F3D-457C-B088-3A5042F75D52}") = "Lists", "Lists\Lists.pyproj", "{97CC8AD4-4E60-40CA-96B5-4FADD161032E}"
EndProject
Global
	GlobalSection(SolutionConfigurationPlatforms) = preSolution
		Debug|Any CPU = Debug|Any CPU
		Release|Any CPU = Release|Any CPU
	EndGlobalSection
	GlobalSection(ProjectConfigurationPlatforms) = postSolution
		{97CC8AD4-4E60-40CA-96B5-4FADD161032E}.Debug|Any CPU.ActiveCfg = Debug|Any CPU
		{97CC8AD4-4E60-40CA-96B5-4FADD161032E}.Release|Any CPU.ActiveCfg = Release|Any CPU
	EndGlobalSection
	GlobalSection(SolutionProperties) = preSolution
		HideSolutionNode = FALSE
	EndGlobalSection
	GlobalSection(ExtensibilityGlobals) = postSolution
		SolutionGuid = {32707646-05A1-4183-A2D2-B9BA7C0F6878}
	EndGlobalSection
EndGlobal
