
Microsoft Visual Studio Solution File, Format Version 12.00
# Visual Studio 15
VisualStudioVersion = 15.0.28307.1022
MinimumVisualStudioVersion = 10.0.40219.1
Project("{888888A0-9F3D-457C-B088-3A5042F75D52}") = "Interations", "Interations\Interations.pyproj", "{937DDD7D-B256-4D43-93C9-758BA3E04F6B}"
EndProject
Global
	GlobalSection(SolutionConfigurationPlatforms) = preSolution
		Debug|Any CPU = Debug|Any CPU
		Release|Any CPU = Release|Any CPU
	EndGlobalSection
	GlobalSection(ProjectConfigurationPlatforms) = postSolution
		{937DDD7D-B256-4D43-93C9-758BA3E04F6B}.Debug|Any CPU.ActiveCfg = Debug|Any CPU
		{937DDD7D-B256-4D43-93C9-758BA3E04F6B}.Release|Any CPU.ActiveCfg = Release|Any CPU
	EndGlobalSection
	GlobalSection(SolutionProperties) = preSolution
		HideSolutionNode = FALSE
	EndGlobalSection
	GlobalSection(ExtensibilityGlobals) = postSolution
		SolutionGuid = {1587BE73-60B4-4B81-9C7F-D3E5383A2BE6}
	EndGlobalSection
EndGlobal
